
Microsoft Visual Studio Solution File, Format Version 12.00
# Visual Studio 15
VisualStudioVersion = 15.0.26124.0
MinimumVisualStudioVersion = 15.0.26124.0
Project("{2150E333-8FDC-42A3-9474-1A3956D46DE8}") = "src", "src", "{978945F0-DA01-41CD-AA9D-22764469C3F3}"
EndProject
Project("{F2A71F9B-5D33-465A-A702-920D77279786}") = "CHaRM.Backend", "src\CHaRM.Backend\CHaRM.Backend.fsproj", "{B8B9C7CB-EB16-487C-BB4F-6BACA80C6006}"
EndProject
Global
	GlobalSection(SolutionConfigurationPlatforms) = preSolution
		Debug|Any CPU = Debug|Any CPU
		Debug|x64 = Debug|x64
		Debug|x86 = Debug|x86
		Release|Any CPU = Release|Any CPU
		Release|x64 = Release|x64
		Release|x86 = Release|x86
	EndGlobalSection
	GlobalSection(SolutionProperties) = preSolution
		HideSolutionNode = FALSE
	EndGlobalSection
	GlobalSection(ProjectConfigurationPlatforms) = postSolution
		{B8B9C7CB-EB16-487C-BB4F-6BACA80C6006}.Debug|Any CPU.ActiveCfg = Debug|Any CPU
		{B8B9C7CB-EB16-487C-BB4F-6BACA80C6006}.Debug|Any CPU.Build.0 = Debug|Any CPU
		{B8B9C7CB-EB16-487C-BB4F-6BACA80C6006}.Debug|x64.ActiveCfg = Debug|Any CPU
		{B8B9C7CB-EB16-487C-BB4F-6BACA80C6006}.Debug|x64.Build.0 = Debug|Any CPU
		{B8B9C7CB-EB16-487C-BB4F-6BACA80C6006}.Debug|x86.ActiveCfg = Debug|Any CPU
		{B8B9C7CB-EB16-487C-BB4F-6BACA80C6006}.Debug|x86.Build.0 = Debug|Any CPU
		{B8B9C7CB-EB16-487C-BB4F-6BACA80C6006}.Release|Any CPU.ActiveCfg = Release|Any CPU
		{B8B9C7CB-EB16-487C-BB4F-6BACA80C6006}.Release|Any CPU.Build.0 = Release|Any CPU
		{B8B9C7CB-EB16-487C-BB4F-6BACA80C6006}.Release|x64.ActiveCfg = Release|Any CPU
		{B8B9C7CB-EB16-487C-BB4F-6BACA80C6006}.Release|x64.Build.0 = Release|Any CPU
		{B8B9C7CB-EB16-487C-BB4F-6BACA80C6006}.Release|x86.ActiveCfg = Release|Any CPU
		{B8B9C7CB-EB16-487C-BB4F-6BACA80C6006}.Release|x86.Build.0 = Release|Any CPU
	EndGlobalSection
	GlobalSection(NestedProjects) = preSolution
		{B8B9C7CB-EB16-487C-BB4F-6BACA80C6006} = {978945F0-DA01-41CD-AA9D-22764469C3F3}
	EndGlobalSection
EndGlobal
